// !$*UTF8*$!
{
	archiveVersion = 1;
	classes = {
	};
	objectVersion = 56;
	objects = {

/* Begin PBXBuildFile section */
		CE5E90212C3FEB6C006F2B89 /* TouchDownSwarmApp.swift in Sources */ = {isa = PBXBuildFile; fileRef = CE5E90202C3FEB6C006F2B89 /* TouchDownSwarmApp.swift */; };
		CE5E90232C3FEB6C006F2B89 /* ContentView.swift in Sources */ = {isa = PBXBuildFile; fileRef = CE5E90222C3FEB6C006F2B89 /* ContentView.swift */; };
		CE5E90252C3FEB6E006F2B89 /* Assets.xcassets in Resources */ = {isa = PBXBuildFile; fileRef = CE5E90242C3FEB6E006F2B89 /* Assets.xcassets */; };
		CE5E90282C3FEB6E006F2B89 /* Preview Assets.xcassets in Resources */ = {isa = PBXBuildFile; fileRef = CE5E90272C3FEB6E006F2B89 /* Preview Assets.xcassets */; };
		CE5E90352C3FEB90006F2B89 /* TouchDownSwarmClipApp.swift in Sources */ = {isa = PBXBuildFile; fileRef = CE5E90342C3FEB90006F2B89 /* TouchDownSwarmClipApp.swift */; };
		CE5E90372C3FEB90006F2B89 /* PullTageView.swift in Sources */ = {isa = PBXBuildFile; fileRef = CE5E90362C3FEB90006F2B89 /* PullTageView.swift */; };
		CE5E90392C3FEB92006F2B89 /* Assets.xcassets in Resources */ = {isa = PBXBuildFile; fileRef = CE5E90382C3FEB92006F2B89 /* Assets.xcassets */; };
		CE5E903C2C3FEB92006F2B89 /* Preview Assets.xcassets in Resources */ = {isa = PBXBuildFile; fileRef = CE5E903B2C3FEB92006F2B89 /* Preview Assets.xcassets */; };
		CE5E90412C3FEB92006F2B89 /* TouchDownSwarmClip.app in Embed App Clips */ = {isa = PBXBuildFile; fileRef = CE5E90322C3FEB90006F2B89 /* TouchDownSwarmClip.app */; settings = {ATTRIBUTES = (RemoveHeadersOnCopy, ); }; };
		CE5E904F2C400A62006F2B89 /* ConnectionListView.swift in Sources */ = {isa = PBXBuildFile; fileRef = CE5E90482C400A62006F2B89 /* ConnectionListView.swift */; };
		CE5E90502C400A62006F2B89 /* MemberCardView.swift in Sources */ = {isa = PBXBuildFile; fileRef = CE5E90492C400A62006F2B89 /* MemberCardView.swift */; };
		CE5E90512C400A62006F2B89 /* HomeView.swift in Sources */ = {isa = PBXBuildFile; fileRef = CE5E904A2C400A62006F2B89 /* HomeView.swift */; };
		CE5E90522C400A62006F2B89 /* FriendData.swift in Sources */ = {isa = PBXBuildFile; fileRef = CE5E904B2C400A62006F2B89 /* FriendData.swift */; };
		CE5E90532C400A62006F2B89 /* TeamListView.swift in Sources */ = {isa = PBXBuildFile; fileRef = CE5E904C2C400A62006F2B89 /* TeamListView.swift */; };
		CE5E90542C400A62006F2B89 /* ConnectionCardView.swift in Sources */ = {isa = PBXBuildFile; fileRef = CE5E904D2C400A62006F2B89 /* ConnectionCardView.swift */; };
		CE5E90552C400A62006F2B89 /* EventCheckInView.swift in Sources */ = {isa = PBXBuildFile; fileRef = CE5E904E2C400A62006F2B89 /* EventCheckInView.swift */; };
		CE5E90572C400A6A006F2B89 /* TeamView.swift in Sources */ = {isa = PBXBuildFile; fileRef = CE5E90562C400A6A006F2B89 /* TeamView.swift */; };
		CE5E905C2C400A79006F2B89 /* NavigationView.swift in Sources */ = {isa = PBXBuildFile; fileRef = CE5E90582C400A79006F2B89 /* NavigationView.swift */; };
		CE5E905D2C400A79006F2B89 /* RankingView.swift in Sources */ = {isa = PBXBuildFile; fileRef = CE5E90592C400A79006F2B89 /* RankingView.swift */; };
		CE5E905E2C400A79006F2B89 /* ArenaContentView.swift in Sources */ = {isa = PBXBuildFile; fileRef = CE5E905A2C400A79006F2B89 /* ArenaContentView.swift */; };
		CE5E905F2C400A79006F2B89 /* MapView.swift in Sources */ = {isa = PBXBuildFile; fileRef = CE5E905B2C400A79006F2B89 /* MapView.swift */; };
/* End PBXBuildFile section */

/* Begin PBXContainerItemProxy section */
		CE5E903F2C3FEB92006F2B89 /* PBXContainerItemProxy */ = {
			isa = PBXContainerItemProxy;
			containerPortal = CE5E90152C3FEB6C006F2B89 /* Project object */;
			proxyType = 1;
			remoteGlobalIDString = CE5E90312C3FEB90006F2B89;
			remoteInfo = TouchDownSwarmClip;
		};
/* End PBXContainerItemProxy section */

/* Begin PBXCopyFilesBuildPhase section */
		CE5E90452C3FEB92006F2B89 /* Embed App Clips */ = {
			isa = PBXCopyFilesBuildPhase;
			buildActionMask = 2147483647;
			dstPath = "$(CONTENTS_FOLDER_PATH)/AppClips";
			dstSubfolderSpec = 16;
			files = (
				CE5E90412C3FEB92006F2B89 /* TouchDownSwarmClip.app in Embed App Clips */,
			);
			name = "Embed App Clips";
			runOnlyForDeploymentPostprocessing = 0;
		};
/* End PBXCopyFilesBuildPhase section */

/* Begin PBXFileReference section */
		CE5E901D2C3FEB6C006F2B89 /* TouchDownSwarm.app */ = {isa = PBXFileReference; explicitFileType = wrapper.application; includeInIndex = 0; path = TouchDownSwarm.app; sourceTree = BUILT_PRODUCTS_DIR; };
		CE5E90202C3FEB6C006F2B89 /* TouchDownSwarmApp.swift */ = {isa = PBXFileReference; lastKnownFileType = sourcecode.swift; path = TouchDownSwarmApp.swift; sourceTree = "<group>"; };
		CE5E90222C3FEB6C006F2B89 /* ContentView.swift */ = {isa = PBXFileReference; lastKnownFileType = sourcecode.swift; path = ContentView.swift; sourceTree = "<group>"; };
		CE5E90242C3FEB6E006F2B89 /* Assets.xcassets */ = {isa = PBXFileReference; lastKnownFileType = folder.assetcatalog; path = Assets.xcassets; sourceTree = "<group>"; };
		CE5E90272C3FEB6E006F2B89 /* Preview Assets.xcassets */ = {isa = PBXFileReference; lastKnownFileType = folder.assetcatalog; path = "Preview Assets.xcassets"; sourceTree = "<group>"; };
		CE5E90322C3FEB90006F2B89 /* TouchDownSwarmClip.app */ = {isa = PBXFileReference; explicitFileType = wrapper.application; includeInIndex = 0; path = TouchDownSwarmClip.app; sourceTree = BUILT_PRODUCTS_DIR; };
		CE5E90342C3FEB90006F2B89 /* TouchDownSwarmClipApp.swift */ = {isa = PBXFileReference; lastKnownFileType = sourcecode.swift; path = TouchDownSwarmClipApp.swift; sourceTree = "<group>"; };
		CE5E90362C3FEB90006F2B89 /* PullTageView.swift */ = {isa = PBXFileReference; lastKnownFileType = sourcecode.swift; path = PullTageView.swift; sourceTree = "<group>"; };
		CE5E90382C3FEB92006F2B89 /* Assets.xcassets */ = {isa = PBXFileReference; lastKnownFileType = folder.assetcatalog; path = Assets.xcassets; sourceTree = "<group>"; };
		CE5E903B2C3FEB92006F2B89 /* Preview Assets.xcassets */ = {isa = PBXFileReference; lastKnownFileType = folder.assetcatalog; path = "Preview Assets.xcassets"; sourceTree = "<group>"; };
		CE5E903D2C3FEB92006F2B89 /* Info.plist */ = {isa = PBXFileReference; lastKnownFileType = text.plist.xml; path = Info.plist; sourceTree = "<group>"; };
		CE5E903E2C3FEB92006F2B89 /* TouchDownSwarmClip.entitlements */ = {isa = PBXFileReference; lastKnownFileType = text.plist.entitlements; path = TouchDownSwarmClip.entitlements; sourceTree = "<group>"; };
		CE5E90462C3FEDEC006F2B89 /* TouchDownSwarm.entitlements */ = {isa = PBXFileReference; lastKnownFileType = text.plist.entitlements; path = TouchDownSwarm.entitlements; sourceTree = "<group>"; };
		CE5E90472C400865006F2B89 /* Info.plist */ = {isa = PBXFileReference; lastKnownFileType = text.plist; path = Info.plist; sourceTree = "<group>"; };
		CE5E90482C400A62006F2B89 /* ConnectionListView.swift */ = {isa = PBXFileReference; fileEncoding = 4; lastKnownFileType = sourcecode.swift; name = ConnectionListView.swift; path = ../../anonimasApp/anonimasApp/ConnectionListView.swift; sourceTree = "<group>"; };
		CE5E90492C400A62006F2B89 /* MemberCardView.swift */ = {isa = PBXFileReference; fileEncoding = 4; lastKnownFileType = sourcecode.swift; name = MemberCardView.swift; path = ../../anonimasApp/anonimasApp/MemberCardView.swift; sourceTree = "<group>"; };
		CE5E904A2C400A62006F2B89 /* HomeView.swift */ = {isa = PBXFileReference; fileEncoding = 4; lastKnownFileType = sourcecode.swift; name = HomeView.swift; path = ../../anonimasApp/anonimasApp/HomeView.swift; sourceTree = "<group>"; };
		CE5E904B2C400A62006F2B89 /* FriendData.swift */ = {isa = PBXFileReference; fileEncoding = 4; lastKnownFileType = sourcecode.swift; name = FriendData.swift; path = ../../anonimasApp/anonimasApp/FriendData.swift; sourceTree = "<group>"; };
		CE5E904C2C400A62006F2B89 /* TeamListView.swift */ = {isa = PBXFileReference; fileEncoding = 4; lastKnownFileType = sourcecode.swift; name = TeamListView.swift; path = ../../anonimasApp/anonimasApp/TeamListView.swift; sourceTree = "<group>"; };
		CE5E904D2C400A62006F2B89 /* ConnectionCardView.swift */ = {isa = PBXFileReference; fileEncoding = 4; lastKnownFileType = sourcecode.swift; name = ConnectionCardView.swift; path = ../../anonimasApp/anonimasApp/ConnectionCardView.swift; sourceTree = "<group>"; };
		CE5E904E2C400A62006F2B89 /* EventCheckInView.swift */ = {isa = PBXFileReference; fileEncoding = 4; lastKnownFileType = sourcecode.swift; name = EventCheckInView.swift; path = ../../anonimasApp/anonimasApp/EventCheckInView.swift; sourceTree = "<group>"; };
		CE5E90562C400A6A006F2B89 /* TeamView.swift */ = {isa = PBXFileReference; fileEncoding = 4; lastKnownFileType = sourcecode.swift; name = TeamView.swift; path = ../../anonimasApp/anonimasApp/TeamView.swift; sourceTree = "<group>"; };
		CE5E90582C400A79006F2B89 /* NavigationView.swift */ = {isa = PBXFileReference; fileEncoding = 4; lastKnownFileType = sourcecode.swift; name = NavigationView.swift; path = ../../anonimasApp/anonimasApp/NavigationView.swift; sourceTree = "<group>"; };
		CE5E90592C400A79006F2B89 /* RankingView.swift */ = {isa = PBXFileReference; fileEncoding = 4; lastKnownFileType = sourcecode.swift; name = RankingView.swift; path = ../../anonimasApp/anonimasApp/RankingView.swift; sourceTree = "<group>"; };
		CE5E905A2C400A79006F2B89 /* ArenaContentView.swift */ = {isa = PBXFileReference; fileEncoding = 4; lastKnownFileType = sourcecode.swift; name = ArenaContentView.swift; path = ../../anonimasApp/anonimasApp/ArenaContentView.swift; sourceTree = "<group>"; };
		CE5E905B2C400A79006F2B89 /* MapView.swift */ = {isa = PBXFileReference; fileEncoding = 4; lastKnownFileType = sourcecode.swift; name = MapView.swift; path = ../../anonimasApp/anonimasApp/MapView.swift; sourceTree = "<group>"; };
		CE5E90602C400A85006F2B89 /* SF-Pro.ttf */ = {isa = PBXFileReference; lastKnownFileType = file; name = "SF-Pro.ttf"; path = "../../anonimasApp/SF-Pro.ttf"; sourceTree = "<group>"; };
/* End PBXFileReference section */

/* Begin PBXFrameworksBuildPhase section */
		CE5E901A2C3FEB6C006F2B89 /* Frameworks */ = {
			isa = PBXFrameworksBuildPhase;
			buildActionMask = 2147483647;
			files = (
			);
			runOnlyForDeploymentPostprocessing = 0;
		};
		CE5E902F2C3FEB90006F2B89 /* Frameworks */ = {
			isa = PBXFrameworksBuildPhase;
			buildActionMask = 2147483647;
			files = (
			);
			runOnlyForDeploymentPostprocessing = 0;
		};
/* End PBXFrameworksBuildPhase section */

/* Begin PBXGroup section */
		CE5E90142C3FEB6C006F2B89 = {
			isa = PBXGroup;
			children = (
				CE5E901F2C3FEB6C006F2B89 /* TouchDownSwarm */,
				CE5E90332C3FEB90006F2B89 /* TouchDownSwarmClip */,
				CE5E901E2C3FEB6C006F2B89 /* Products */,
			);
			sourceTree = "<group>";
		};
		CE5E901E2C3FEB6C006F2B89 /* Products */ = {
			isa = PBXGroup;
			children = (
				CE5E901D2C3FEB6C006F2B89 /* TouchDownSwarm.app */,
				CE5E90322C3FEB90006F2B89 /* TouchDownSwarmClip.app */,
			);
			name = Products;
			sourceTree = "<group>";
		};
		CE5E901F2C3FEB6C006F2B89 /* TouchDownSwarm */ = {
			isa = PBXGroup;
			children = (
				CE5E90472C400865006F2B89 /* Info.plist */,
				CE5E90462C3FEDEC006F2B89 /* TouchDownSwarm.entitlements */,
				CE5E90202C3FEB6C006F2B89 /* TouchDownSwarmApp.swift */,
				CE5E90222C3FEB6C006F2B89 /* ContentView.swift */,
				CE5E904D2C400A62006F2B89 /* ConnectionCardView.swift */,
				CE5E90482C400A62006F2B89 /* ConnectionListView.swift */,
				CE5E904E2C400A62006F2B89 /* EventCheckInView.swift */,
				CE5E904B2C400A62006F2B89 /* FriendData.swift */,
				CE5E904A2C400A62006F2B89 /* HomeView.swift */,
				CE5E90492C400A62006F2B89 /* MemberCardView.swift */,
				CE5E904C2C400A62006F2B89 /* TeamListView.swift */,
				CE5E90562C400A6A006F2B89 /* TeamView.swift */,
				CE5E905A2C400A79006F2B89 /* ArenaContentView.swift */,
				CE5E905B2C400A79006F2B89 /* MapView.swift */,
				CE5E90582C400A79006F2B89 /* NavigationView.swift */,
				CE5E90592C400A79006F2B89 /* RankingView.swift */,
				CE5E90242C3FEB6E006F2B89 /* Assets.xcassets */,
				CE5E90602C400A85006F2B89 /* SF-Pro.ttf */,
				CE5E90262C3FEB6E006F2B89 /* Preview Content */,
			);
			path = TouchDownSwarm;
			sourceTree = "<group>";
		};
		CE5E90262C3FEB6E006F2B89 /* Preview Content */ = {
			isa = PBXGroup;
			children = (
				CE5E90272C3FEB6E006F2B89 /* Preview Assets.xcassets */,
			);
			path = "Preview Content";
			sourceTree = "<group>";
		};
		CE5E90332C3FEB90006F2B89 /* TouchDownSwarmClip */ = {
			isa = PBXGroup;
			children = (
				CE5E90342C3FEB90006F2B89 /* TouchDownSwarmClipApp.swift */,
				CE5E90362C3FEB90006F2B89 /* PullTageView.swift */,
				CE5E90382C3FEB92006F2B89 /* Assets.xcassets */,
				CE5E903D2C3FEB92006F2B89 /* Info.plist */,
				CE5E903E2C3FEB92006F2B89 /* TouchDownSwarmClip.entitlements */,
				CE5E903A2C3FEB92006F2B89 /* Preview Content */,
			);
			path = TouchDownSwarmClip;
			sourceTree = "<group>";
		};
		CE5E903A2C3FEB92006F2B89 /* Preview Content */ = {
			isa = PBXGroup;
			children = (
				CE5E903B2C3FEB92006F2B89 /* Preview Assets.xcassets */,
			);
			path = "Preview Content";
			sourceTree = "<group>";
		};
/* End PBXGroup section */

/* Begin PBXNativeTarget section */
		CE5E901C2C3FEB6C006F2B89 /* TouchDownSwarm */ = {
			isa = PBXNativeTarget;
			buildConfigurationList = CE5E902B2C3FEB6E006F2B89 /* Build configuration list for PBXNativeTarget "TouchDownSwarm" */;
			buildPhases = (
				CE5E90192C3FEB6C006F2B89 /* Sources */,
				CE5E901A2C3FEB6C006F2B89 /* Frameworks */,
				CE5E901B2C3FEB6C006F2B89 /* Resources */,
				CE5E90452C3FEB92006F2B89 /* Embed App Clips */,
			);
			buildRules = (
			);
			dependencies = (
				CE5E90402C3FEB92006F2B89 /* PBXTargetDependency */,
			);
			name = TouchDownSwarm;
			productName = TouchDownSwarm;
			productReference = CE5E901D2C3FEB6C006F2B89 /* TouchDownSwarm.app */;
			productType = "com.apple.product-type.application";
		};
		CE5E90312C3FEB90006F2B89 /* TouchDownSwarmClip */ = {
			isa = PBXNativeTarget;
			buildConfigurationList = CE5E90422C3FEB92006F2B89 /* Build configuration list for PBXNativeTarget "TouchDownSwarmClip" */;
			buildPhases = (
				CE5E902E2C3FEB90006F2B89 /* Sources */,
				CE5E902F2C3FEB90006F2B89 /* Frameworks */,
				CE5E90302C3FEB90006F2B89 /* Resources */,
			);
			buildRules = (
			);
			dependencies = (
			);
			name = TouchDownSwarmClip;
			productName = TouchDownSwarmClip;
			productReference = CE5E90322C3FEB90006F2B89 /* TouchDownSwarmClip.app */;
			productType = "com.apple.product-type.application.on-demand-install-capable";
		};
/* End PBXNativeTarget section */

/* Begin PBXProject section */
		CE5E90152C3FEB6C006F2B89 /* Project object */ = {
			isa = PBXProject;
			attributes = {
				BuildIndependentTargetsInParallel = 1;
				LastSwiftUpdateCheck = 1540;
				LastUpgradeCheck = 1540;
				TargetAttributes = {
					CE5E901C2C3FEB6C006F2B89 = {
						CreatedOnToolsVersion = 15.4;
					};
					CE5E90312C3FEB90006F2B89 = {
						CreatedOnToolsVersion = 15.4;
					};
				};
			};
			buildConfigurationList = CE5E90182C3FEB6C006F2B89 /* Build configuration list for PBXProject "TouchDownSwarm" */;
			compatibilityVersion = "Xcode 14.0";
			developmentRegion = en;
			hasScannedForEncodings = 0;
			knownRegions = (
				en,
				Base,
			);
			mainGroup = CE5E90142C3FEB6C006F2B89;
			productRefGroup = CE5E901E2C3FEB6C006F2B89 /* Products */;
			projectDirPath = "";
			projectRoot = "";
			targets = (
				CE5E901C2C3FEB6C006F2B89 /* TouchDownSwarm */,
				CE5E90312C3FEB90006F2B89 /* TouchDownSwarmClip */,
			);
		};
/* End PBXProject section */

/* Begin PBXResourcesBuildPhase section */
		CE5E901B2C3FEB6C006F2B89 /* Resources */ = {
			isa = PBXResourcesBuildPhase;
			buildActionMask = 2147483647;
			files = (
				CE5E90282C3FEB6E006F2B89 /* Preview Assets.xcassets in Resources */,
				CE5E90252C3FEB6E006F2B89 /* Assets.xcassets in Resources */,
			);
			runOnlyForDeploymentPostprocessing = 0;
		};
		CE5E90302C3FEB90006F2B89 /* Resources */ = {
			isa = PBXResourcesBuildPhase;
			buildActionMask = 2147483647;
			files = (
				CE5E903C2C3FEB92006F2B89 /* Preview Assets.xcassets in Resources */,
				CE5E90392C3FEB92006F2B89 /* Assets.xcassets in Resources */,
			);
			runOnlyForDeploymentPostprocessing = 0;
		};
/* End PBXResourcesBuildPhase section */

/* Begin PBXSourcesBuildPhase section */
		CE5E90192C3FEB6C006F2B89 /* Sources */ = {
			isa = PBXSourcesBuildPhase;
			buildActionMask = 2147483647;
			files = (
				CE5E90542C400A62006F2B89 /* ConnectionCardView.swift in Sources */,
				CE5E905E2C400A79006F2B89 /* ArenaContentView.swift in Sources */,
				CE5E905D2C400A79006F2B89 /* RankingView.swift in Sources */,
				CE5E90502C400A62006F2B89 /* MemberCardView.swift in Sources */,
				CE5E905C2C400A79006F2B89 /* NavigationView.swift in Sources */,
				CE5E90522C400A62006F2B89 /* FriendData.swift in Sources */,
				CE5E90532C400A62006F2B89 /* TeamListView.swift in Sources */,
				CE5E905F2C400A79006F2B89 /* MapView.swift in Sources */,
				CE5E904F2C400A62006F2B89 /* ConnectionListView.swift in Sources */,
				CE5E90552C400A62006F2B89 /* EventCheckInView.swift in Sources */,
				CE5E90232C3FEB6C006F2B89 /* ContentView.swift in Sources */,
				CE5E90572C400A6A006F2B89 /* TeamView.swift in Sources */,
				CE5E90512C400A62006F2B89 /* HomeView.swift in Sources */,
				CE5E90212C3FEB6C006F2B89 /* TouchDownSwarmApp.swift in Sources */,
			);
			runOnlyForDeploymentPostprocessing = 0;
		};
		CE5E902E2C3FEB90006F2B89 /* Sources */ = {
			isa = PBXSourcesBuildPhase;
			buildActionMask = 2147483647;
			files = (
				CE5E90372C3FEB90006F2B89 /* PullTageView.swift in Sources */,
				CE5E90352C3FEB90006F2B89 /* TouchDownSwarmClipApp.swift in Sources */,
			);
			runOnlyForDeploymentPostprocessing = 0;
		};
/* End PBXSourcesBuildPhase section */

/* Begin PBXTargetDependency section */
		CE5E90402C3FEB92006F2B89 /* PBXTargetDependency */ = {
			isa = PBXTargetDependency;
			target = CE5E90312C3FEB90006F2B89 /* TouchDownSwarmClip */;
			targetProxy = CE5E903F2C3FEB92006F2B89 /* PBXContainerItemProxy */;
		};
/* End PBXTargetDependency section */

/* Begin XCBuildConfiguration section */
		CE5E90292C3FEB6E006F2B89 /* Debug */ = {
			isa = XCBuildConfiguration;
			buildSettings = {
				ALWAYS_SEARCH_USER_PATHS = NO;
				ASSETCATALOG_COMPILER_GENERATE_SWIFT_ASSET_SYMBOL_EXTENSIONS = YES;
				CLANG_ANALYZER_NONNULL = YES;
				CLANG_ANALYZER_NUMBER_OBJECT_CONVERSION = YES_AGGRESSIVE;
				CLANG_CXX_LANGUAGE_STANDARD = "gnu++20";
				CLANG_ENABLE_MODULES = YES;
				CLANG_ENABLE_OBJC_ARC = YES;
				CLANG_ENABLE_OBJC_WEAK = YES;
				CLANG_WARN_BLOCK_CAPTURE_AUTORELEASING = YES;
				CLANG_WARN_BOOL_CONVERSION = YES;
				CLANG_WARN_COMMA = YES;
				CLANG_WARN_CONSTANT_CONVERSION = YES;
				CLANG_WARN_DEPRECATED_OBJC_IMPLEMENTATIONS = YES;
				CLANG_WARN_DIRECT_OBJC_ISA_USAGE = YES_ERROR;
				CLANG_WARN_DOCUMENTATION_COMMENTS = YES;
				CLANG_WARN_EMPTY_BODY = YES;
				CLANG_WARN_ENUM_CONVERSION = YES;
				CLANG_WARN_INFINITE_RECURSION = YES;
				CLANG_WARN_INT_CONVERSION = YES;
				CLANG_WARN_NON_LITERAL_NULL_CONVERSION = YES;
				CLANG_WARN_OBJC_IMPLICIT_RETAIN_SELF = YES;
				CLANG_WARN_OBJC_LITERAL_CONVERSION = YES;
				CLANG_WARN_OBJC_ROOT_CLASS = YES_ERROR;
				CLANG_WARN_QUOTED_INCLUDE_IN_FRAMEWORK_HEADER = YES;
				CLANG_WARN_RANGE_LOOP_ANALYSIS = YES;
				CLANG_WARN_STRICT_PROTOTYPES = YES;
				CLANG_WARN_SUSPICIOUS_MOVE = YES;
				CLANG_WARN_UNGUARDED_AVAILABILITY = YES_AGGRESSIVE;
				CLANG_WARN_UNREACHABLE_CODE = YES;
				CLANG_WARN__DUPLICATE_METHOD_MATCH = YES;
				COPY_PHASE_STRIP = NO;
				DEBUG_INFORMATION_FORMAT = dwarf;
				ENABLE_STRICT_OBJC_MSGSEND = YES;
				ENABLE_TESTABILITY = YES;
				ENABLE_USER_SCRIPT_SANDBOXING = YES;
				GCC_C_LANGUAGE_STANDARD = gnu17;
				GCC_DYNAMIC_NO_PIC = NO;
				GCC_NO_COMMON_BLOCKS = YES;
				GCC_OPTIMIZATION_LEVEL = 0;
				GCC_PREPROCESSOR_DEFINITIONS = (
					"DEBUG=1",
					"$(inherited)",
				);
				GCC_WARN_64_TO_32_BIT_CONVERSION = YES;
				GCC_WARN_ABOUT_RETURN_TYPE = YES_ERROR;
				GCC_WARN_UNDECLARED_SELECTOR = YES;
				GCC_WARN_UNINITIALIZED_AUTOS = YES_AGGRESSIVE;
				GCC_WARN_UNUSED_FUNCTION = YES;
				GCC_WARN_UNUSED_VARIABLE = YES;
				IPHONEOS_DEPLOYMENT_TARGET = 17.5;
				LOCALIZATION_PREFERS_STRING_CATALOGS = YES;
				MTL_ENABLE_DEBUG_INFO = INCLUDE_SOURCE;
				MTL_FAST_MATH = YES;
				ONLY_ACTIVE_ARCH = YES;
				SDKROOT = iphoneos;
				SWIFT_ACTIVE_COMPILATION_CONDITIONS = "DEBUG $(inherited)";
				SWIFT_OPTIMIZATION_LEVEL = "-Onone";
			};
			name = Debug;
		};
		CE5E902A2C3FEB6E006F2B89 /* Release */ = {
			isa = XCBuildConfiguration;
			buildSettings = {
				ALWAYS_SEARCH_USER_PATHS = NO;
				ASSETCATALOG_COMPILER_GENERATE_SWIFT_ASSET_SYMBOL_EXTENSIONS = YES;
				CLANG_ANALYZER_NONNULL = YES;
				CLANG_ANALYZER_NUMBER_OBJECT_CONVERSION = YES_AGGRESSIVE;
				CLANG_CXX_LANGUAGE_STANDARD = "gnu++20";
				CLANG_ENABLE_MODULES = YES;
				CLANG_ENABLE_OBJC_ARC = YES;
				CLANG_ENABLE_OBJC_WEAK = YES;
				CLANG_WARN_BLOCK_CAPTURE_AUTORELEASING = YES;
				CLANG_WARN_BOOL_CONVERSION = YES;
				CLANG_WARN_COMMA = YES;
				CLANG_WARN_CONSTANT_CONVERSION = YES;
				CLANG_WARN_DEPRECATED_OBJC_IMPLEMENTATIONS = YES;
				CLANG_WARN_DIRECT_OBJC_ISA_USAGE = YES_ERROR;
				CLANG_WARN_DOCUMENTATION_COMMENTS = YES;
				CLANG_WARN_EMPTY_BODY = YES;
				CLANG_WARN_ENUM_CONVERSION = YES;
				CLANG_WARN_INFINITE_RECURSION = YES;
				CLANG_WARN_INT_CONVERSION = YES;
				CLANG_WARN_NON_LITERAL_NULL_CONVERSION = YES;
				CLANG_WARN_OBJC_IMPLICIT_RETAIN_SELF = YES;
				CLANG_WARN_OBJC_LITERAL_CONVERSION = YES;
				CLANG_WARN_OBJC_ROOT_CLASS = YES_ERROR;
				CLANG_WARN_QUOTED_INCLUDE_IN_FRAMEWORK_HEADER = YES;
				CLANG_WARN_RANGE_LOOP_ANALYSIS = YES;
				CLANG_WARN_STRICT_PROTOTYPES = YES;
				CLANG_WARN_SUSPICIOUS_MOVE = YES;
				CLANG_WARN_UNGUARDED_AVAILABILITY = YES_AGGRESSIVE;
				CLANG_WARN_UNREACHABLE_CODE = YES;
				CLANG_WARN__DUPLICATE_METHOD_MATCH = YES;
				COPY_PHASE_STRIP = NO;
				DEBUG_INFORMATION_FORMAT = "dwarf-with-dsym";
				ENABLE_NS_ASSERTIONS = NO;
				ENABLE_STRICT_OBJC_MSGSEND = YES;
				ENABLE_USER_SCRIPT_SANDBOXING = YES;
				GCC_C_LANGUAGE_STANDARD = gnu17;
				GCC_NO_COMMON_BLOCKS = YES;
				GCC_WARN_64_TO_32_BIT_CONVERSION = YES;
				GCC_WARN_ABOUT_RETURN_TYPE = YES_ERROR;
				GCC_WARN_UNDECLARED_SELECTOR = YES;
				GCC_WARN_UNINITIALIZED_AUTOS = YES_AGGRESSIVE;
				GCC_WARN_UNUSED_FUNCTION = YES;
				GCC_WARN_UNUSED_VARIABLE = YES;
				IPHONEOS_DEPLOYMENT_TARGET = 17.5;
				LOCALIZATION_PREFERS_STRING_CATALOGS = YES;
				MTL_ENABLE_DEBUG_INFO = NO;
				MTL_FAST_MATH = YES;
				SDKROOT = iphoneos;
				SWIFT_COMPILATION_MODE = wholemodule;
				VALIDATE_PRODUCT = YES;
			};
			name = Release;
		};
		CE5E902C2C3FEB6E006F2B89 /* Debug */ = {
			isa = XCBuildConfiguration;
			buildSettings = {
				ALWAYS_EMBED_SWIFT_STANDARD_LIBRARIES = YES;
				ASSETCATALOG_COMPILER_APPICON_NAME = AppIcon;
				ASSETCATALOG_COMPILER_GLOBAL_ACCENT_COLOR_NAME = AccentColor;
				CODE_SIGN_ENTITLEMENTS = TouchDownSwarm/TouchDownSwarm.entitlements;
				CODE_SIGN_STYLE = Automatic;
				CURRENT_PROJECT_VERSION = 1;
				DEVELOPMENT_ASSET_PATHS = "\"TouchDownSwarm/Preview Content\"";
				DEVELOPMENT_TEAM = LANULV72W5;
				ENABLE_PREVIEWS = YES;
				GENERATE_INFOPLIST_FILE = YES;
				INFOPLIST_FILE = TouchDownSwarm/Info.plist;
				INFOPLIST_KEY_UIApplicationSceneManifest_Generation = YES;
				INFOPLIST_KEY_UIApplicationSupportsIndirectInputEvents = YES;
				INFOPLIST_KEY_UILaunchScreen_Generation = YES;
				INFOPLIST_KEY_UISupportedInterfaceOrientations_iPad = "UIInterfaceOrientationPortrait UIInterfaceOrientationPortraitUpsideDown UIInterfaceOrientationLandscapeLeft UIInterfaceOrientationLandscapeRight";
				INFOPLIST_KEY_UISupportedInterfaceOrientations_iPhone = "UIInterfaceOrientationPortrait UIInterfaceOrientationLandscapeLeft UIInterfaceOrientationLandscapeRight";
				LD_RUNPATH_SEARCH_PATHS = (
					"$(inherited)",
					"@executable_path/Frameworks",
				);
				MARKETING_VERSION = 1.1;
				PRODUCT_BUNDLE_IDENTIFIER = com.takutaku.SwiftApp.TouchDownSwarm;
				PRODUCT_NAME = "$(TARGET_NAME)";
				SWIFT_EMIT_LOC_STRINGS = YES;
				SWIFT_VERSION = 5.0;
				TARGETED_DEVICE_FAMILY = "1,2";
			};
			name = Debug;
		};
		CE5E902D2C3FEB6E006F2B89 /* Release */ = {
			isa = XCBuildConfiguration;
			buildSettings = {
				ALWAYS_EMBED_SWIFT_STANDARD_LIBRARIES = YES;
				ASSETCATALOG_COMPILER_APPICON_NAME = AppIcon;
				ASSETCATALOG_COMPILER_GLOBAL_ACCENT_COLOR_NAME = AccentColor;
				CODE_SIGN_ENTITLEMENTS = TouchDownSwarm/TouchDownSwarm.entitlements;
				CODE_SIGN_STYLE = Automatic;
				CURRENT_PROJECT_VERSION = 1;
				DEVELOPMENT_ASSET_PATHS = "\"TouchDownSwarm/Preview Content\"";
				DEVELOPMENT_TEAM = LANULV72W5;
				ENABLE_PREVIEWS = YES;
				GENERATE_INFOPLIST_FILE = YES;
				INFOPLIST_FILE = TouchDownSwarm/Info.plist;
				INFOPLIST_KEY_UIApplicationSceneManifest_Generation = YES;
				INFOPLIST_KEY_UIApplicationSupportsIndirectInputEvents = YES;
				INFOPLIST_KEY_UILaunchScreen_Generation = YES;
				INFOPLIST_KEY_UISupportedInterfaceOrientations_iPad = "UIInterfaceOrientationPortrait UIInterfaceOrientationPortraitUpsideDown UIInterfaceOrientationLandscapeLeft UIInterfaceOrientationLandscapeRight";
				INFOPLIST_KEY_UISupportedInterfaceOrientations_iPhone = "UIInterfaceOrientationPortrait UIInterfaceOrientationLandscapeLeft UIInterfaceOrientationLandscapeRight";
				LD_RUNPATH_SEARCH_PATHS = (
					"$(inherited)",
					"@executable_path/Frameworks",
				);
				MARKETING_VERSION = 1.1;
				PRODUCT_BUNDLE_IDENTIFIER = com.takutaku.SwiftApp.TouchDownSwarm;
				PRODUCT_NAME = "$(TARGET_NAME)";
				SWIFT_EMIT_LOC_STRINGS = YES;
				SWIFT_VERSION = 5.0;
				TARGETED_DEVICE_FAMILY = "1,2";
			};
			name = Release;
		};
		CE5E90432C3FEB92006F2B89 /* Debug */ = {
			isa = XCBuildConfiguration;
			buildSettings = {
				ASSETCATALOG_COMPILER_APPICON_NAME = AppIcon;
				ASSETCATALOG_COMPILER_GLOBAL_ACCENT_COLOR_NAME = AccentColor;
				CODE_SIGN_ENTITLEMENTS = TouchDownSwarmClip/TouchDownSwarmClip.entitlements;
				CODE_SIGN_STYLE = Automatic;
				CURRENT_PROJECT_VERSION = 1;
				DEVELOPMENT_ASSET_PATHS = "\"TouchDownSwarmClip/Preview Content\"";
				DEVELOPMENT_TEAM = LANULV72W5;
				ENABLE_PREVIEWS = YES;
				GENERATE_INFOPLIST_FILE = YES;
				INFOPLIST_FILE = TouchDownSwarmClip/Info.plist;
				INFOPLIST_KEY_CFBundleDisplayName = TouchDownSwarm;
				INFOPLIST_KEY_UIApplicationSceneManifest_Generation = YES;
				INFOPLIST_KEY_UIApplicationSupportsIndirectInputEvents = YES;
				INFOPLIST_KEY_UILaunchScreen_Generation = YES;
				INFOPLIST_KEY_UISupportedInterfaceOrientations_iPad = "UIInterfaceOrientationPortrait UIInterfaceOrientationPortraitUpsideDown UIInterfaceOrientationLandscapeLeft UIInterfaceOrientationLandscapeRight";
				INFOPLIST_KEY_UISupportedInterfaceOrientations_iPhone = "UIInterfaceOrientationPortrait UIInterfaceOrientationLandscapeLeft UIInterfaceOrientationLandscapeRight";
				LD_RUNPATH_SEARCH_PATHS = (
					"$(inherited)",
					"@executable_path/Frameworks",
				);
				MARKETING_VERSION = 1.1;
				PRODUCT_BUNDLE_IDENTIFIER = com.takutaku.SwiftApp.TouchDownSwarm.Clip;
				PRODUCT_NAME = "$(TARGET_NAME)";
				SWIFT_EMIT_LOC_STRINGS = YES;
				SWIFT_VERSION = 5.0;
				TARGETED_DEVICE_FAMILY = "1,2";
			};
			name = Debug;
		};
		CE5E90442C3FEB92006F2B89 /* Release */ = {
			isa = XCBuildConfiguration;
			buildSettings = {
				ASSETCATALOG_COMPILER_APPICON_NAME = AppIcon;
				ASSETCATALOG_COMPILER_GLOBAL_ACCENT_COLOR_NAME = AccentColor;
				CODE_SIGN_ENTITLEMENTS = TouchDownSwarmClip/TouchDownSwarmClip.entitlements;
				CODE_SIGN_STYLE = Automatic;
				CURRENT_PROJECT_VERSION = 1;
				DEVELOPMENT_ASSET_PATHS = "\"TouchDownSwarmClip/Preview Content\"";
				DEVELOPMENT_TEAM = LANULV72W5;
				ENABLE_PREVIEWS = YES;
				GENERATE_INFOPLIST_FILE = YES;
				INFOPLIST_FILE = TouchDownSwarmClip/Info.plist;
				INFOPLIST_KEY_CFBundleDisplayName = TouchDownSwarm;
				INFOPLIST_KEY_UIApplicationSceneManifest_Generation = YES;
				INFOPLIST_KEY_UIApplicationSupportsIndirectInputEvents = YES;
				INFOPLIST_KEY_UILaunchScreen_Generation = YES;
				INFOPLIST_KEY_UISupportedInterfaceOrientations_iPad = "UIInterfaceOrientationPortrait UIInterfaceOrientationPortraitUpsideDown UIInterfaceOrientationLandscapeLeft UIInterfaceOrientationLandscapeRight";
				INFOPLIST_KEY_UISupportedInterfaceOrientations_iPhone = "UIInterfaceOrientationPortrait UIInterfaceOrientationLandscapeLeft UIInterfaceOrientationLandscapeRight";
				LD_RUNPATH_SEARCH_PATHS = (
					"$(inherited)",
					"@executable_path/Frameworks",
				);
				MARKETING_VERSION = 1.1;
				PRODUCT_BUNDLE_IDENTIFIER = com.takutaku.SwiftApp.TouchDownSwarm.Clip;
				PRODUCT_NAME = "$(TARGET_NAME)";
				SWIFT_EMIT_LOC_STRINGS = YES;
				SWIFT_VERSION = 5.0;
				TARGETED_DEVICE_FAMILY = "1,2";
			};
			name = Release;
		};
/* End XCBuildConfiguration section */

/* Begin XCConfigurationList section */
		CE5E90182C3FEB6C006F2B89 /* Build configuration list for PBXProject "TouchDownSwarm" */ = {
			isa = XCConfigurationList;
			buildConfigurations = (
				CE5E90292C3FEB6E006F2B89 /* Debug */,
				CE5E902A2C3FEB6E006F2B89 /* Release */,
			);
			defaultConfigurationIsVisible = 0;
			defaultConfigurationName = Release;
		};
		CE5E902B2C3FEB6E006F2B89 /* Build configuration list for PBXNativeTarget "TouchDownSwarm" */ = {
			isa = XCConfigurationList;
			buildConfigurations = (
				CE5E902C2C3FEB6E006F2B89 /* Debug */,
				CE5E902D2C3FEB6E006F2B89 /* Release */,
			);
			defaultConfigurationIsVisible = 0;
			defaultConfigurationName = Release;
		};
		CE5E90422C3FEB92006F2B89 /* Build configuration list for PBXNativeTarget "TouchDownSwarmClip" */ = {
			isa = XCConfigurationList;
			buildConfigurations = (
				CE5E90432C3FEB92006F2B89 /* Debug */,
				CE5E90442C3FEB92006F2B89 /* Release */,
			);
			defaultConfigurationIsVisible = 0;
			defaultConfigurationName = Release;
		};
/* End XCConfigurationList section */
	};
	rootObject = CE5E90152C3FEB6C006F2B89 /* Project object */;
}
